// !$*UTF8*$!
{
	archiveVersion = 1;
	classes = {
	};
	objectVersion = 50;
	objects = {

/* Begin PBXBuildFile section */
		C73BBC6F20759F370003101D /* SDK.swift in Sources */ = {isa = PBXBuildFile; fileRef = C73BBC6E20759F370003101D /* SDK.swift */; };
		C73BBC7120759F450003101D /* Notification.swift in Sources */ = {isa = PBXBuildFile; fileRef = C73BBC7020759F450003101D /* Notification.swift */; };
		C73BBC7320759F600003101D /* HTTP+API.swift in Sources */ = {isa = PBXBuildFile; fileRef = C73BBC7220759F600003101D /* HTTP+API.swift */; };
		C73BBC752075A6130003101D /* UIBarButtonItem+Extension.swift in Sources */ = {isa = PBXBuildFile; fileRef = C73BBC742075A6130003101D /* UIBarButtonItem+Extension.swift */; };
		C73BBC772075A88E0003101D /* UIColor+Extension.swift in Sources */ = {isa = PBXBuildFile; fileRef = C73BBC762075A88E0003101D /* UIColor+Extension.swift */; };
		C73BBC792075AA8C0003101D /* Print.swift in Sources */ = {isa = PBXBuildFile; fileRef = C73BBC782075AA8C0003101D /* Print.swift */; };
		C73BBC7B2075CED80003101D /* String+Extension.swift in Sources */ = {isa = PBXBuildFile; fileRef = C73BBC7A2075CED80003101D /* String+Extension.swift */; };
		C7B6A2E320750F2700162D3A /* SVProgressHUD+Extension.swift in Sources */ = {isa = PBXBuildFile; fileRef = C7B6A2E220750F2700162D3A /* SVProgressHUD+Extension.swift */; };
		C7B6A2ED2075168800162D3A /* LoginController.swift in Sources */ = {isa = PBXBuildFile; fileRef = C7B6A2EC2075168800162D3A /* LoginController.swift */; };
		C7B6A2EF2075169B00162D3A /* FeatureController.swift in Sources */ = {isa = PBXBuildFile; fileRef = C7B6A2EE2075169B00162D3A /* FeatureController.swift */; };
		C7B6A2F22075188800162D3A /* HTTP.swift in Sources */ = {isa = PBXBuildFile; fileRef = C7B6A2F12075188800162D3A /* HTTP.swift */; };
		C7B6A2F420751CFE00162D3A /* UserAccount.swift in Sources */ = {isa = PBXBuildFile; fileRef = C7B6A2F320751CFE00162D3A /* UserAccount.swift */; };
		C7B6A2F620751D1500162D3A /* LoginViewModel.swift in Sources */ = {isa = PBXBuildFile; fileRef = C7B6A2F520751D1500162D3A /* LoginViewModel.swift */; };
		C7FD56B82074D0B600534E23 /* AppDelegate.swift in Sources */ = {isa = PBXBuildFile; fileRef = C7FD56B72074D0B600534E23 /* AppDelegate.swift */; };
		C7FD56BA2074D0B600534E23 /* ViewController.swift in Sources */ = {isa = PBXBuildFile; fileRef = C7FD56B92074D0B600534E23 /* ViewController.swift */; };
		C7FD56BD2074D0B600534E23 /* Main.storyboard in Resources */ = {isa = PBXBuildFile; fileRef = C7FD56BB2074D0B600534E23 /* Main.storyboard */; };
		C7FD56BF2074D0B700534E23 /* Assets.xcassets in Resources */ = {isa = PBXBuildFile; fileRef = C7FD56BE2074D0B700534E23 /* Assets.xcassets */; };
		C7FD56C22074D0B800534E23 /* LaunchScreen.storyboard in Resources */ = {isa = PBXBuildFile; fileRef = C7FD56C02074D0B700534E23 /* LaunchScreen.storyboard */; };
		C7FD56D62074D6E400534E23 /* TRTabBarController.swift in Sources */ = {isa = PBXBuildFile; fileRef = C7FD56D52074D6E400534E23 /* TRTabBarController.swift */; };
		C7FD56D82074D70400534E23 /* TRViewController.swift in Sources */ = {isa = PBXBuildFile; fileRef = C7FD56D72074D70400534E23 /* TRViewController.swift */; };
		C7FD56DA2074D71800534E23 /* TRNavigationController.swift in Sources */ = {isa = PBXBuildFile; fileRef = C7FD56D92074D71800534E23 /* TRNavigationController.swift */; };
		C7FD56DC2074D77C00534E23 /* MainController.swift in Sources */ = {isa = PBXBuildFile; fileRef = C7FD56DB2074D77C00534E23 /* MainController.swift */; };
		C7FD56F02074F28F00534E23 /* TweetController.swift in Sources */ = {isa = PBXBuildFile; fileRef = C7FD56EF2074F28F00534E23 /* TweetController.swift */; };
		C7FD56F22074F2A100534E23 /* MessageController.swift in Sources */ = {isa = PBXBuildFile; fileRef = C7FD56F12074F2A100534E23 /* MessageController.swift */; };
		C7FD56F42074F2B100534E23 /* ComposeController.swift in Sources */ = {isa = PBXBuildFile; fileRef = C7FD56F32074F2B100534E23 /* ComposeController.swift */; };
		C7FD56F72074F2CD00534E23 /* DiscoverController.swift in Sources */ = {isa = PBXBuildFile; fileRef = C7FD56F62074F2CD00534E23 /* DiscoverController.swift */; };
		C7FD56F92074F2DE00534E23 /* ProfileController.swift in Sources */ = {isa = PBXBuildFile; fileRef = C7FD56F82074F2DE00534E23 /* ProfileController.swift */; };
		C7FD56FB2074F2F700534E23 /* AppDelegate+Extension.swift in Sources */ = {isa = PBXBuildFile; fileRef = C7FD56FA2074F2F700534E23 /* AppDelegate+Extension.swift */; };
		C7FD56FE2074F3BE00534E23 /* UIScreen+Extension.swift in Sources */ = {isa = PBXBuildFile; fileRef = C7FD56FD2074F3BE00534E23 /* UIScreen+Extension.swift */; };
		E078B2C12BEAB193F07E0EF4 /* Pods_itweet.framework in Frameworks */ = {isa = PBXBuildFile; fileRef = 0C4952B122AA81F143654E88 /* Pods_itweet.framework */; };
/* End PBXBuildFile section */

/* Begin PBXFileReference section */
		0C4952B122AA81F143654E88 /* Pods_itweet.framework */ = {isa = PBXFileReference; explicitFileType = wrapper.framework; includeInIndex = 0; path = Pods_itweet.framework; sourceTree = BUILT_PRODUCTS_DIR; };
		C210526F1204965EBD02E65C /* Pods-itweet.debug.xcconfig */ = {isa = PBXFileReference; includeInIndex = 1; lastKnownFileType = text.xcconfig; name = "Pods-itweet.debug.xcconfig"; path = "Pods/Target Support Files/Pods-itweet/Pods-itweet.debug.xcconfig"; sourceTree = "<group>"; };
		C73BBC6E20759F370003101D /* SDK.swift */ = {isa = PBXFileReference; lastKnownFileType = sourcecode.swift; path = SDK.swift; sourceTree = "<group>"; };
		C73BBC7020759F450003101D /* Notification.swift */ = {isa = PBXFileReference; lastKnownFileType = sourcecode.swift; path = Notification.swift; sourceTree = "<group>"; };
		C73BBC7220759F600003101D /* HTTP+API.swift */ = {isa = PBXFileReference; lastKnownFileType = sourcecode.swift; path = "HTTP+API.swift"; sourceTree = "<group>"; };
		C73BBC742075A6130003101D /* UIBarButtonItem+Extension.swift */ = {isa = PBXFileReference; lastKnownFileType = sourcecode.swift; path = "UIBarButtonItem+Extension.swift"; sourceTree = "<group>"; };
		C73BBC762075A88E0003101D /* UIColor+Extension.swift */ = {isa = PBXFileReference; lastKnownFileType = sourcecode.swift; path = "UIColor+Extension.swift"; sourceTree = "<group>"; };
		C73BBC782075AA8C0003101D /* Print.swift */ = {isa = PBXFileReference; lastKnownFileType = sourcecode.swift; path = Print.swift; sourceTree = "<group>"; };
		C73BBC7A2075CED80003101D /* String+Extension.swift */ = {isa = PBXFileReference; lastKnownFileType = sourcecode.swift; path = "String+Extension.swift"; sourceTree = "<group>"; };
		C7B6A2E220750F2700162D3A /* SVProgressHUD+Extension.swift */ = {isa = PBXFileReference; lastKnownFileType = sourcecode.swift; path = "SVProgressHUD+Extension.swift"; sourceTree = "<group>"; };
		C7B6A2EC2075168800162D3A /* LoginController.swift */ = {isa = PBXFileReference; lastKnownFileType = sourcecode.swift; path = LoginController.swift; sourceTree = "<group>"; };
		C7B6A2EE2075169B00162D3A /* FeatureController.swift */ = {isa = PBXFileReference; lastKnownFileType = sourcecode.swift; path = FeatureController.swift; sourceTree = "<group>"; };
		C7B6A2F12075188800162D3A /* HTTP.swift */ = {isa = PBXFileReference; lastKnownFileType = sourcecode.swift; path = HTTP.swift; sourceTree = "<group>"; };
		C7B6A2F320751CFE00162D3A /* UserAccount.swift */ = {isa = PBXFileReference; lastKnownFileType = sourcecode.swift; path = UserAccount.swift; sourceTree = "<group>"; };
		C7B6A2F520751D1500162D3A /* LoginViewModel.swift */ = {isa = PBXFileReference; lastKnownFileType = sourcecode.swift; path = LoginViewModel.swift; sourceTree = "<group>"; };
		C7FD56B42074D0B600534E23 /* itweet.app */ = {isa = PBXFileReference; explicitFileType = wrapper.application; includeInIndex = 0; path = itweet.app; sourceTree = BUILT_PRODUCTS_DIR; };
		C7FD56B72074D0B600534E23 /* AppDelegate.swift */ = {isa = PBXFileReference; lastKnownFileType = sourcecode.swift; path = AppDelegate.swift; sourceTree = "<group>"; };
		C7FD56B92074D0B600534E23 /* ViewController.swift */ = {isa = PBXFileReference; lastKnownFileType = sourcecode.swift; path = ViewController.swift; sourceTree = "<group>"; };
		C7FD56BC2074D0B600534E23 /* Base */ = {isa = PBXFileReference; lastKnownFileType = file.storyboard; name = Base; path = Base.lproj/Main.storyboard; sourceTree = "<group>"; };
		C7FD56BE2074D0B700534E23 /* Assets.xcassets */ = {isa = PBXFileReference; lastKnownFileType = folder.assetcatalog; path = Assets.xcassets; sourceTree = "<group>"; };
		C7FD56C12074D0B700534E23 /* Base */ = {isa = PBXFileReference; lastKnownFileType = file.storyboard; name = Base; path = Base.lproj/LaunchScreen.storyboard; sourceTree = "<group>"; };
		C7FD56C32074D0B800534E23 /* Info.plist */ = {isa = PBXFileReference; lastKnownFileType = text.plist.xml; path = Info.plist; sourceTree = "<group>"; };
		C7FD56D52074D6E400534E23 /* TRTabBarController.swift */ = {isa = PBXFileReference; lastKnownFileType = sourcecode.swift; path = TRTabBarController.swift; sourceTree = "<group>"; };
		C7FD56D72074D70400534E23 /* TRViewController.swift */ = {isa = PBXFileReference; lastKnownFileType = sourcecode.swift; path = TRViewController.swift; sourceTree = "<group>"; };
		C7FD56D92074D71800534E23 /* TRNavigationController.swift */ = {isa = PBXFileReference; lastKnownFileType = sourcecode.swift; path = TRNavigationController.swift; sourceTree = "<group>"; };
		C7FD56DB2074D77C00534E23 /* MainController.swift */ = {isa = PBXFileReference; lastKnownFileType = sourcecode.swift; path = MainController.swift; sourceTree = "<group>"; };
		C7FD56EF2074F28F00534E23 /* TweetController.swift */ = {isa = PBXFileReference; lastKnownFileType = sourcecode.swift; path = TweetController.swift; sourceTree = "<group>"; };
		C7FD56F12074F2A100534E23 /* MessageController.swift */ = {isa = PBXFileReference; lastKnownFileType = sourcecode.swift; path = MessageController.swift; sourceTree = "<group>"; };
		C7FD56F32074F2B100534E23 /* ComposeController.swift */ = {isa = PBXFileReference; lastKnownFileType = sourcecode.swift; path = ComposeController.swift; sourceTree = "<group>"; };
		C7FD56F62074F2CD00534E23 /* DiscoverController.swift */ = {isa = PBXFileReference; lastKnownFileType = sourcecode.swift; path = DiscoverController.swift; sourceTree = "<group>"; };
		C7FD56F82074F2DE00534E23 /* ProfileController.swift */ = {isa = PBXFileReference; lastKnownFileType = sourcecode.swift; path = ProfileController.swift; sourceTree = "<group>"; };
		C7FD56FA2074F2F700534E23 /* AppDelegate+Extension.swift */ = {isa = PBXFileReference; lastKnownFileType = sourcecode.swift; path = "AppDelegate+Extension.swift"; sourceTree = "<group>"; };
		C7FD56FD2074F3BE00534E23 /* UIScreen+Extension.swift */ = {isa = PBXFileReference; lastKnownFileType = sourcecode.swift; path = "UIScreen+Extension.swift"; sourceTree = "<group>"; };
		F0E0F5D8CC058474DF596A67 /* Pods-itweet.release.xcconfig */ = {isa = PBXFileReference; includeInIndex = 1; lastKnownFileType = text.xcconfig; name = "Pods-itweet.release.xcconfig"; path = "Pods/Target Support Files/Pods-itweet/Pods-itweet.release.xcconfig"; sourceTree = "<group>"; };
/* End PBXFileReference section */

/* Begin PBXFrameworksBuildPhase section */
		C7FD56B12074D0B600534E23 /* Frameworks */ = {
			isa = PBXFrameworksBuildPhase;
			buildActionMask = 2147483647;
			files = (
				E078B2C12BEAB193F07E0EF4 /* Pods_itweet.framework in Frameworks */,
			);
			runOnlyForDeploymentPostprocessing = 0;
		};
/* End PBXFrameworksBuildPhase section */

/* Begin PBXGroup section */
		909C5045882C1BB5D078B317 /* Pods */ = {
			isa = PBXGroup;
			children = (
				C210526F1204965EBD02E65C /* Pods-itweet.debug.xcconfig */,
				F0E0F5D8CC058474DF596A67 /* Pods-itweet.release.xcconfig */,
			);
			name = Pods;
			sourceTree = "<group>";
		};
		ACD7D10CEDBAD906FB9DCF69 /* Frameworks */ = {
			isa = PBXGroup;
			children = (
				0C4952B122AA81F143654E88 /* Pods_itweet.framework */,
			);
			name = Frameworks;
			sourceTree = "<group>";
		};
		C73BBC6D20759F1A0003101D /* configure */ = {
			isa = PBXGroup;
			children = (
				C73BBC6E20759F370003101D /* SDK.swift */,
				C73BBC7020759F450003101D /* Notification.swift */,
				C73BBC782075AA8C0003101D /* Print.swift */,
			);
			path = configure;
			sourceTree = "<group>";
		};
		C7B6A2E42075161600162D3A /* login */ = {
			isa = PBXGroup;
			children = (
				C7B6A2E52075162A00162D3A /* view */,
				C7B6A2E62075163000162D3A /* viewmodel */,
				C7B6A2E72075163A00162D3A /* model */,
			);
			path = login;
			sourceTree = "<group>";
		};
		C7B6A2E52075162A00162D3A /* view */ = {
			isa = PBXGroup;
			children = (
				C7B6A2EC2075168800162D3A /* LoginController.swift */,
			);
			path = view;
			sourceTree = "<group>";
		};
		C7B6A2E62075163000162D3A /* viewmodel */ = {
			isa = PBXGroup;
			children = (
				C7B6A2F520751D1500162D3A /* LoginViewModel.swift */,
			);
			path = viewmodel;
			sourceTree = "<group>";
		};
		C7B6A2E72075163A00162D3A /* model */ = {
			isa = PBXGroup;
			children = (
				C7B6A2F320751CFE00162D3A /* UserAccount.swift */,
			);
			path = model;
			sourceTree = "<group>";
		};
		C7B6A2E82075164100162D3A /* newfeature */ = {
			isa = PBXGroup;
			children = (
				C7B6A2E92075164D00162D3A /* view */,
				C7B6A2EA2075165700162D3A /* viewmodel */,
				C7B6A2EB2075166000162D3A /* model */,
			);
			path = newfeature;
			sourceTree = "<group>";
		};
		C7B6A2E92075164D00162D3A /* view */ = {
			isa = PBXGroup;
			children = (
				C7B6A2EE2075169B00162D3A /* FeatureController.swift */,
			);
			path = view;
			sourceTree = "<group>";
		};
		C7B6A2EA2075165700162D3A /* viewmodel */ = {
			isa = PBXGroup;
			children = (
			);
			path = viewmodel;
			sourceTree = "<group>";
		};
		C7B6A2EB2075166000162D3A /* model */ = {
			isa = PBXGroup;
			children = (
			);
			path = model;
			sourceTree = "<group>";
		};
		C7B6A2F02075187200162D3A /* http */ = {
			isa = PBXGroup;
			children = (
				C7B6A2F12075188800162D3A /* HTTP.swift */,
				C73BBC7220759F600003101D /* HTTP+API.swift */,
			);
			path = http;
			sourceTree = "<group>";
		};
		C7FD56AB2074D0B600534E23 = {
			isa = PBXGroup;
			children = (
				C7FD56B62074D0B600534E23 /* itweet */,
				C7FD56B52074D0B600534E23 /* Products */,
				909C5045882C1BB5D078B317 /* Pods */,
				ACD7D10CEDBAD906FB9DCF69 /* Frameworks */,
			);
			sourceTree = "<group>";
		};
		C7FD56B52074D0B600534E23 /* Products */ = {
			isa = PBXGroup;
			children = (
				C7FD56B42074D0B600534E23 /* itweet.app */,
			);
			name = Products;
			sourceTree = "<group>";
		};
		C7FD56B62074D0B600534E23 /* itweet */ = {
			isa = PBXGroup;
			children = (
				C7FD56C92074D67800534E23 /* develop */,
				C7FD56B72074D0B600534E23 /* AppDelegate.swift */,
				C7FD56FA2074F2F700534E23 /* AppDelegate+Extension.swift */,
				C7FD56B92074D0B600534E23 /* ViewController.swift */,
				C7FD56BB2074D0B600534E23 /* Main.storyboard */,
				C7FD56BE2074D0B700534E23 /* Assets.xcassets */,
				C7FD56C02074D0B700534E23 /* LaunchScreen.storyboard */,
				C7FD56C32074D0B800534E23 /* Info.plist */,
			);
			path = itweet;
			sourceTree = "<group>";
		};
		C7FD56C92074D67800534E23 /* develop */ = {
			isa = PBXGroup;
			children = (
				C7FD56D12074D67900534E23 /* lib */,
				C7FD56D22074D67900534E23 /* tool */,
				C7FD56CA2074D67800534E23 /* common */,
				C7FD56CB2074D67800534E23 /* class */,
			);
			path = develop;
			sourceTree = "<group>";
		};
		C7FD56CA2074D67800534E23 /* common */ = {
			isa = PBXGroup;
			children = (
				C73BBC6D20759F1A0003101D /* configure */,
				C7FD56D42074D6B500534E23 /* view */,
			);
			path = common;
			sourceTree = "<group>";
		};
		C7FD56CB2074D67800534E23 /* class */ = {
			isa = PBXGroup;
			children = (
				C7FD56D32074D69900534E23 /* main */,
				C7B6A2E82075164100162D3A /* newfeature */,
				C7B6A2E42075161600162D3A /* login */,
				C7FD56CC2074D67800534E23 /* tweet */,
				C7FD56CF2074D67900534E23 /* message */,
				C7FD56CE2074D67900534E23 /* compose */,
				C7FD56CD2074D67800534E23 /* discover */,
				C7FD56D02074D67900534E23 /* profile */,
			);
			path = class;
			sourceTree = "<group>";
		};
		C7FD56CC2074D67800534E23 /* tweet */ = {
			isa = PBXGroup;
			children = (
				C7FD56E02074DD7A00534E23 /* view */,
				C7FD56E22074DEBA00534E23 /* viewmodel */,
				C7FD56E12074DEB200534E23 /* model */,
			);
			path = tweet;
			sourceTree = "<group>";
		};
		C7FD56CD2074D67800534E23 /* discover */ = {
			isa = PBXGroup;
			children = (
				C7FD56F52074F2BD00534E23 /* view */,
				C7FD56E82074DF4700534E23 /* model */,
				C7FD56E72074DF2700534E23 /* viewmodel */,
			);
			path = discover;
			sourceTree = "<group>";
		};
		C7FD56CE2074D67900534E23 /* compose */ = {
			isa = PBXGroup;
			children = (
				C7FD56E92074DF5D00534E23 /* view */,
				C7FD56EB2074DF6D00534E23 /* model */,
				C7FD56EA2074DF6400534E23 /* viewmodel */,
			);
			path = compose;
			sourceTree = "<group>";
		};
		C7FD56CF2074D67900534E23 /* message */ = {
			isa = PBXGroup;
			children = (
				C7FD56E32074DEF700534E23 /* view */,
				C7FD56E52074DF0900534E23 /* model */,
				C7FD56E42074DEFE00534E23 /* viewmodel */,
			);
			path = message;
			sourceTree = "<group>";
		};
		C7FD56D02074D67900534E23 /* profile */ = {
			isa = PBXGroup;
			children = (
				C7FD56EC2074DF7300534E23 /* view */,
				C7FD56EE2074DF9900534E23 /* model */,
				C7FD56ED2074DF7900534E23 /* viewmodel */,
			);
			path = profile;
			sourceTree = "<group>";
		};
		C7FD56D12074D67900534E23 /* lib */ = {
			isa = PBXGroup;
			children = (
			);
			path = lib;
			sourceTree = "<group>";
		};
		C7FD56D22074D67900534E23 /* tool */ = {
			isa = PBXGroup;
			children = (
				C7B6A2F02075187200162D3A /* http */,
				C7FD56FC2074F3A400534E23 /* extension */,
			);
			path = tool;
			sourceTree = "<group>";
		};
		C7FD56D32074D69900534E23 /* main */ = {
			isa = PBXGroup;
			children = (
				C7FD56DD2074DD3B00534E23 /* view */,
				C7FD56DE2074DD4700534E23 /* viewmodel */,
				C7FD56DF2074DD5500534E23 /* model */,
			);
			path = main;
			sourceTree = "<group>";
		};
		C7FD56D42074D6B500534E23 /* view */ = {
			isa = PBXGroup;
			children = (
				C7FD56D52074D6E400534E23 /* TRTabBarController.swift */,
				C7FD56D72074D70400534E23 /* TRViewController.swift */,
				C7FD56D92074D71800534E23 /* TRNavigationController.swift */,
			);
			path = view;
			sourceTree = "<group>";
		};
		C7FD56DD2074DD3B00534E23 /* view */ = {
			isa = PBXGroup;
			children = (
				C7FD56DB2074D77C00534E23 /* MainController.swift */,
			);
			path = view;
			sourceTree = "<group>";
		};
		C7FD56DE2074DD4700534E23 /* viewmodel */ = {
			isa = PBXGroup;
			children = (
			);
			path = viewmodel;
			sourceTree = "<group>";
		};
		C7FD56DF2074DD5500534E23 /* model */ = {
			isa = PBXGroup;
			children = (
			);
			path = model;
			sourceTree = "<group>";
		};
		C7FD56E02074DD7A00534E23 /* view */ = {
			isa = PBXGroup;
			children = (
				C7FD56EF2074F28F00534E23 /* TweetController.swift */,
			);
			path = view;
			sourceTree = "<group>";
		};
		C7FD56E12074DEB200534E23 /* model */ = {
			isa = PBXGroup;
			children = (
			);
			path = model;
			sourceTree = "<group>";
		};
		C7FD56E22074DEBA00534E23 /* viewmodel */ = {
			isa = PBXGroup;
			children = (
			);
			path = viewmodel;
			sourceTree = "<group>";
		};
		C7FD56E32074DEF700534E23 /* view */ = {
			isa = PBXGroup;
			children = (
				C7FD56F12074F2A100534E23 /* MessageController.swift */,
			);
			path = view;
			sourceTree = "<group>";
		};
		C7FD56E42074DEFE00534E23 /* viewmodel */ = {
			isa = PBXGroup;
			children = (
			);
			path = viewmodel;
			sourceTree = "<group>";
		};
		C7FD56E52074DF0900534E23 /* model */ = {
			isa = PBXGroup;
			children = (
			);
			path = model;
			sourceTree = "<group>";
		};
		C7FD56E72074DF2700534E23 /* viewmodel */ = {
			isa = PBXGroup;
			children = (
			);
			path = viewmodel;
			sourceTree = "<group>";
		};
		C7FD56E82074DF4700534E23 /* model */ = {
			isa = PBXGroup;
			children = (
			);
			path = model;
			sourceTree = "<group>";
		};
		C7FD56E92074DF5D00534E23 /* view */ = {
			isa = PBXGroup;
			children = (
				C7FD56F32074F2B100534E23 /* ComposeController.swift */,
			);
			path = view;
			sourceTree = "<group>";
		};
		C7FD56EA2074DF6400534E23 /* viewmodel */ = {
			isa = PBXGroup;
			children = (
			);
			path = viewmodel;
			sourceTree = "<group>";
		};
		C7FD56EB2074DF6D00534E23 /* model */ = {
			isa = PBXGroup;
			children = (
			);
			path = model;
			sourceTree = "<group>";
		};
		C7FD56EC2074DF7300534E23 /* view */ = {
			isa = PBXGroup;
			children = (
				C7FD56F82074F2DE00534E23 /* ProfileController.swift */,
			);
			path = view;
			sourceTree = "<group>";
		};
		C7FD56ED2074DF7900534E23 /* viewmodel */ = {
			isa = PBXGroup;
			children = (
			);
			path = viewmodel;
			sourceTree = "<group>";
		};
		C7FD56EE2074DF9900534E23 /* model */ = {
			isa = PBXGroup;
			children = (
			);
			path = model;
			sourceTree = "<group>";
		};
		C7FD56F52074F2BD00534E23 /* view */ = {
			isa = PBXGroup;
			children = (
				C7FD56F62074F2CD00534E23 /* DiscoverController.swift */,
			);
			path = view;
			sourceTree = "<group>";
		};
		C7FD56FC2074F3A400534E23 /* extension */ = {
			isa = PBXGroup;
			children = (
				C7FD56FD2074F3BE00534E23 /* UIScreen+Extension.swift */,
				C7B6A2E220750F2700162D3A /* SVProgressHUD+Extension.swift */,
				C73BBC742075A6130003101D /* UIBarButtonItem+Extension.swift */,
				C73BBC762075A88E0003101D /* UIColor+Extension.swift */,
				C73BBC7A2075CED80003101D /* String+Extension.swift */,
			);
			path = extension;
			sourceTree = "<group>";
		};
/* End PBXGroup section */

/* Begin PBXNativeTarget section */
		C7FD56B32074D0B600534E23 /* itweet */ = {
			isa = PBXNativeTarget;
			buildConfigurationList = C7FD56C62074D0B800534E23 /* Build configuration list for PBXNativeTarget "itweet" */;
			buildPhases = (
				24FF6206A5E9F07541198759 /* [CP] Check Pods Manifest.lock */,
				C7FD56B02074D0B600534E23 /* Sources */,
				C7FD56B12074D0B600534E23 /* Frameworks */,
				C7FD56B22074D0B600534E23 /* Resources */,
				74EE43ED9EBE67716C035B5B /* [CP] Embed Pods Frameworks */,
				B2CBAE63F8C37BAF3EC56D23 /* [CP] Copy Pods Resources */,
			);
			buildRules = (
			);
			dependencies = (
			);
			name = itweet;
			productName = itweet;
			productReference = C7FD56B42074D0B600534E23 /* itweet.app */;
			productType = "com.apple.product-type.application";
		};
/* End PBXNativeTarget section */

/* Begin PBXProject section */
		C7FD56AC2074D0B600534E23 /* Project object */ = {
			isa = PBXProject;
			attributes = {
				LastSwiftUpdateCheck = 0930;
				LastUpgradeCheck = 0930;
				ORGANIZATIONNAME = tramp;
				TargetAttributes = {
					C7FD56B32074D0B600534E23 = {
						CreatedOnToolsVersion = 9.3;
					};
				};
			};
			buildConfigurationList = C7FD56AF2074D0B600534E23 /* Build configuration list for PBXProject "itweet" */;
			compatibilityVersion = "Xcode 9.3";
			developmentRegion = en;
			hasScannedForEncodings = 0;
			knownRegions = (
				en,
				Base,
			);
			mainGroup = C7FD56AB2074D0B600534E23;
			productRefGroup = C7FD56B52074D0B600534E23 /* Products */;
			projectDirPath = "";
			projectRoot = "";
			targets = (
				C7FD56B32074D0B600534E23 /* itweet */,
			);
		};
/* End PBXProject section */

/* Begin PBXResourcesBuildPhase section */
		C7FD56B22074D0B600534E23 /* Resources */ = {
			isa = PBXResourcesBuildPhase;
			buildActionMask = 2147483647;
			files = (
				C7FD56C22074D0B800534E23 /* LaunchScreen.storyboard in Resources */,
				C7FD56BF2074D0B700534E23 /* Assets.xcassets in Resources */,
				C7FD56BD2074D0B600534E23 /* Main.storyboard in Resources */,
			);
			runOnlyForDeploymentPostprocessing = 0;
		};
/* End PBXResourcesBuildPhase section */

/* Begin PBXShellScriptBuildPhase section */
		24FF6206A5E9F07541198759 /* [CP] Check Pods Manifest.lock */ = {
			isa = PBXShellScriptBuildPhase;
			buildActionMask = 2147483647;
			files = (
			);
			inputPaths = (
				"${PODS_PODFILE_DIR_PATH}/Podfile.lock",
				"${PODS_ROOT}/Manifest.lock",
			);
			name = "[CP] Check Pods Manifest.lock";
			outputPaths = (
				"$(DERIVED_FILE_DIR)/Pods-itweet-checkManifestLockResult.txt",
			);
			runOnlyForDeploymentPostprocessing = 0;
			shellPath = /bin/sh;
			shellScript = "diff \"${PODS_PODFILE_DIR_PATH}/Podfile.lock\" \"${PODS_ROOT}/Manifest.lock\" > /dev/null\nif [ $? != 0 ] ; then\n    # print error to STDERR\n    echo \"error: The sandbox is not in sync with the Podfile.lock. Run 'pod install' or update your CocoaPods installation.\" >&2\n    exit 1\nfi\n# This output is used by Xcode 'outputs' to avoid re-running this script phase.\necho \"SUCCESS\" > \"${SCRIPT_OUTPUT_FILE_0}\"\n";
			showEnvVarsInLog = 0;
		};
		74EE43ED9EBE67716C035B5B /* [CP] Embed Pods Frameworks */ = {
			isa = PBXShellScriptBuildPhase;
			buildActionMask = 2147483647;
			files = (
			);
			inputPaths = (
				"${SRCROOT}/Pods/Target Support Files/Pods-itweet/Pods-itweet-frameworks.sh",
				"${BUILT_PRODUCTS_DIR}/Alamofire/Alamofire.framework",
				"${BUILT_PRODUCTS_DIR}/SVProgressHUD/SVProgressHUD.framework",
				"${BUILT_PRODUCTS_DIR}/SnapKit/SnapKit.framework",
			);
			name = "[CP] Embed Pods Frameworks";
			outputPaths = (
				"${TARGET_BUILD_DIR}/${FRAMEWORKS_FOLDER_PATH}/Alamofire.framework",
				"${TARGET_BUILD_DIR}/${FRAMEWORKS_FOLDER_PATH}/SVProgressHUD.framework",
				"${TARGET_BUILD_DIR}/${FRAMEWORKS_FOLDER_PATH}/SnapKit.framework",
			);
			runOnlyForDeploymentPostprocessing = 0;
			shellPath = /bin/sh;
			shellScript = "\"${SRCROOT}/Pods/Target Support Files/Pods-itweet/Pods-itweet-frameworks.sh\"\n";
			showEnvVarsInLog = 0;
		};
		B2CBAE63F8C37BAF3EC56D23 /* [CP] Copy Pods Resources */ = {
			isa = PBXShellScriptBuildPhase;
			buildActionMask = 2147483647;
			files = (
			);
			inputPaths = (
			);
			name = "[CP] Copy Pods Resources";
			outputPaths = (
			);
			runOnlyForDeploymentPostprocessing = 0;
			shellPath = /bin/sh;
			shellScript = "\"${SRCROOT}/Pods/Target Support Files/Pods-itweet/Pods-itweet-resources.sh\"\n";
			showEnvVarsInLog = 0;
		};
/* End PBXShellScriptBuildPhase section */

/* Begin PBXSourcesBuildPhase section */
		C7FD56B02074D0B600534E23 /* Sources */ = {
			isa = PBXSourcesBuildPhase;
			buildActionMask = 2147483647;
			files = (
				C7FD56F72074F2CD00534E23 /* DiscoverController.swift in Sources */,
				C7FD56BA2074D0B600534E23 /* ViewController.swift in Sources */,
				C7B6A2F420751CFE00162D3A /* UserAccount.swift in Sources */,
				C7B6A2EF2075169B00162D3A /* FeatureController.swift in Sources */,
				C7FD56FB2074F2F700534E23 /* AppDelegate+Extension.swift in Sources */,
				C7FD56D62074D6E400534E23 /* TRTabBarController.swift in Sources */,
				C73BBC7B2075CED80003101D /* String+Extension.swift in Sources */,
				C73BBC6F20759F370003101D /* SDK.swift in Sources */,
				C7B6A2ED2075168800162D3A /* LoginController.swift in Sources */,
				C7FD56F02074F28F00534E23 /* TweetController.swift in Sources */,
				C73BBC752075A6130003101D /* UIBarButtonItem+Extension.swift in Sources */,
				C7B6A2E320750F2700162D3A /* SVProgressHUD+Extension.swift in Sources */,
				C7FD56F22074F2A100534E23 /* MessageController.swift in Sources */,
				C73BBC792075AA8C0003101D /* Print.swift in Sources */,
				C7FD56DA2074D71800534E23 /* TRNavigationController.swift in Sources */,
				C73BBC7320759F600003101D /* HTTP+API.swift in Sources */,
				C7B6A2F22075188800162D3A /* HTTP.swift in Sources */,
				C73BBC772075A88E0003101D /* UIColor+Extension.swift in Sources */,
				C7FD56F42074F2B100534E23 /* ComposeController.swift in Sources */,
				C7FD56F92074F2DE00534E23 /* ProfileController.swift in Sources */,
				C7FD56D82074D70400534E23 /* TRViewController.swift in Sources */,
				C7FD56DC2074D77C00534E23 /* MainController.swift in Sources */,
				C73BBC7120759F450003101D /* Notification.swift in Sources */,
				C7FD56B82074D0B600534E23 /* AppDelegate.swift in Sources */,
				C7B6A2F620751D1500162D3A /* LoginViewModel.swift in Sources */,
				C7FD56FE2074F3BE00534E23 /* UIScreen+Extension.swift in Sources */,
			);
			runOnlyForDeploymentPostprocessing = 0;
		};
/* End PBXSourcesBuildPhase section */

/* Begin PBXVariantGroup section */
		C7FD56BB2074D0B600534E23 /* Main.storyboard */ = {
			isa = PBXVariantGroup;
			children = (
				C7FD56BC2074D0B600534E23 /* Base */,
			);
			name = Main.storyboard;
			sourceTree = "<group>";
		};
		C7FD56C02074D0B700534E23 /* LaunchScreen.storyboard */ = {
			isa = PBXVariantGroup;
			children = (
				C7FD56C12074D0B700534E23 /* Base */,
			);
			name = LaunchScreen.storyboard;
			sourceTree = "<group>";
		};
/* End PBXVariantGroup section */

/* Begin XCBuildConfiguration section */
		C7FD56C42074D0B800534E23 /* Debug */ = {
			isa = XCBuildConfiguration;
			buildSettings = {
				ALWAYS_SEARCH_USER_PATHS = NO;
				CLANG_ANALYZER_NONNULL = YES;
				CLANG_ANALYZER_NUMBER_OBJECT_CONVERSION = YES_AGGRESSIVE;
				CLANG_CXX_LANGUAGE_STANDARD = "gnu++14";
				CLANG_CXX_LIBRARY = "libc++";
				CLANG_ENABLE_MODULES = YES;
				CLANG_ENABLE_OBJC_ARC = YES;
				CLANG_ENABLE_OBJC_WEAK = YES;
				CLANG_WARN_BLOCK_CAPTURE_AUTORELEASING = YES;
				CLANG_WARN_BOOL_CONVERSION = YES;
				CLANG_WARN_COMMA = YES;
				CLANG_WARN_CONSTANT_CONVERSION = YES;
				CLANG_WARN_DEPRECATED_OBJC_IMPLEMENTATIONS = YES;
				CLANG_WARN_DIRECT_OBJC_ISA_USAGE = YES_ERROR;
				CLANG_WARN_DOCUMENTATION_COMMENTS = YES;
				CLANG_WARN_EMPTY_BODY = YES;
				CLANG_WARN_ENUM_CONVERSION = YES;
				CLANG_WARN_INFINITE_RECURSION = YES;
				CLANG_WARN_INT_CONVERSION = YES;
				CLANG_WARN_NON_LITERAL_NULL_CONVERSION = YES;
				CLANG_WARN_OBJC_IMPLICIT_RETAIN_SELF = YES;
				CLANG_WARN_OBJC_LITERAL_CONVERSION = YES;
				CLANG_WARN_OBJC_ROOT_CLASS = YES_ERROR;
				CLANG_WARN_RANGE_LOOP_ANALYSIS = YES;
				CLANG_WARN_STRICT_PROTOTYPES = YES;
				CLANG_WARN_SUSPICIOUS_MOVE = YES;
				CLANG_WARN_UNGUARDED_AVAILABILITY = YES_AGGRESSIVE;
				CLANG_WARN_UNREACHABLE_CODE = YES;
				CLANG_WARN__DUPLICATE_METHOD_MATCH = YES;
				CODE_SIGN_IDENTITY = "iPhone Developer";
				COPY_PHASE_STRIP = NO;
				DEBUG_INFORMATION_FORMAT = dwarf;
				ENABLE_STRICT_OBJC_MSGSEND = YES;
				ENABLE_TESTABILITY = YES;
				GCC_C_LANGUAGE_STANDARD = gnu11;
				GCC_DYNAMIC_NO_PIC = NO;
				GCC_NO_COMMON_BLOCKS = YES;
				GCC_OPTIMIZATION_LEVEL = 0;
				GCC_PREPROCESSOR_DEFINITIONS = (
					"DEBUG=1",
					"$(inherited)",
				);
				GCC_WARN_64_TO_32_BIT_CONVERSION = YES;
				GCC_WARN_ABOUT_RETURN_TYPE = YES_ERROR;
				GCC_WARN_UNDECLARED_SELECTOR = YES;
				GCC_WARN_UNINITIALIZED_AUTOS = YES_AGGRESSIVE;
				GCC_WARN_UNUSED_FUNCTION = YES;
				GCC_WARN_UNUSED_VARIABLE = YES;
				IPHONEOS_DEPLOYMENT_TARGET = 11.3;
				MTL_ENABLE_DEBUG_INFO = YES;
				ONLY_ACTIVE_ARCH = YES;
				SDKROOT = iphoneos;
				SWIFT_ACTIVE_COMPILATION_CONDITIONS = DEBUG;
				SWIFT_OPTIMIZATION_LEVEL = "-Onone";
			};
			name = Debug;
		};
		C7FD56C52074D0B800534E23 /* Release */ = {
			isa = XCBuildConfiguration;
			buildSettings = {
				ALWAYS_SEARCH_USER_PATHS = NO;
				CLANG_ANALYZER_NONNULL = YES;
				CLANG_ANALYZER_NUMBER_OBJECT_CONVERSION = YES_AGGRESSIVE;
				CLANG_CXX_LANGUAGE_STANDARD = "gnu++14";
				CLANG_CXX_LIBRARY = "libc++";
				CLANG_ENABLE_MODULES = YES;
				CLANG_ENABLE_OBJC_ARC = YES;
				CLANG_ENABLE_OBJC_WEAK = YES;
				CLANG_WARN_BLOCK_CAPTURE_AUTORELEASING = YES;
				CLANG_WARN_BOOL_CONVERSION = YES;
				CLANG_WARN_COMMA = YES;
				CLANG_WARN_CONSTANT_CONVERSION = YES;
				CLANG_WARN_DEPRECATED_OBJC_IMPLEMENTATIONS = YES;
				CLANG_WARN_DIRECT_OBJC_ISA_USAGE = YES_ERROR;
				CLANG_WARN_DOCUMENTATION_COMMENTS = YES;
				CLANG_WARN_EMPTY_BODY = YES;
				CLANG_WARN_ENUM_CONVERSION = YES;
				CLANG_WARN_INFINITE_RECURSION = YES;
				CLANG_WARN_INT_CONVERSION = YES;
				CLANG_WARN_NON_LITERAL_NULL_CONVERSION = YES;
				CLANG_WARN_OBJC_IMPLICIT_RETAIN_SELF = YES;
				CLANG_WARN_OBJC_LITERAL_CONVERSION = YES;
				CLANG_WARN_OBJC_ROOT_CLASS = YES_ERROR;
				CLANG_WARN_RANGE_LOOP_ANALYSIS = YES;
				CLANG_WARN_STRICT_PROTOTYPES = YES;
				CLANG_WARN_SUSPICIOUS_MOVE = YES;
				CLANG_WARN_UNGUARDED_AVAILABILITY = YES_AGGRESSIVE;
				CLANG_WARN_UNREACHABLE_CODE = YES;
				CLANG_WARN__DUPLICATE_METHOD_MATCH = YES;
				CODE_SIGN_IDENTITY = "iPhone Developer";
				COPY_PHASE_STRIP = NO;
				DEBUG_INFORMATION_FORMAT = "dwarf-with-dsym";
				ENABLE_NS_ASSERTIONS = NO;
				ENABLE_STRICT_OBJC_MSGSEND = YES;
				GCC_C_LANGUAGE_STANDARD = gnu11;
				GCC_NO_COMMON_BLOCKS = YES;
				GCC_WARN_64_TO_32_BIT_CONVERSION = YES;
				GCC_WARN_ABOUT_RETURN_TYPE = YES_ERROR;
				GCC_WARN_UNDECLARED_SELECTOR = YES;
				GCC_WARN_UNINITIALIZED_AUTOS = YES_AGGRESSIVE;
				GCC_WARN_UNUSED_FUNCTION = YES;
				GCC_WARN_UNUSED_VARIABLE = YES;
				IPHONEOS_DEPLOYMENT_TARGET = 11.3;
				MTL_ENABLE_DEBUG_INFO = NO;
				SDKROOT = iphoneos;
				SWIFT_COMPILATION_MODE = wholemodule;
				SWIFT_OPTIMIZATION_LEVEL = "-O";
				VALIDATE_PRODUCT = YES;
			};
			name = Release;
		};
		C7FD56C72074D0B800534E23 /* Debug */ = {
			isa = XCBuildConfiguration;
			baseConfigurationReference = C210526F1204965EBD02E65C /* Pods-itweet.debug.xcconfig */;
			buildSettings = {
				ASSETCATALOG_COMPILER_APPICON_NAME = AppIcon;
				ASSETCATALOG_COMPILER_LAUNCHIMAGE_NAME = LaunchImage;
				CODE_SIGN_STYLE = Automatic;
				DEVELOPMENT_TEAM = 6W77EGW7S3;
				INFOPLIST_FILE = itweet/Info.plist;
				IPHONEOS_DEPLOYMENT_TARGET = 9.0;
				LD_RUNPATH_SEARCH_PATHS = (
					"$(inherited)",
					"@executable_path/Frameworks",
				);
				OTHER_SWIFT_FLAGS = "$(inherited) \"-D\" \"COCOAPODS\" -D DEBUG";
				PRODUCT_BUNDLE_IDENTIFIER = com.tramp.itweet;
				PRODUCT_NAME = "$(TARGET_NAME)";
				SWIFT_VERSION = 4.0;
				TARGETED_DEVICE_FAMILY = 1;
			};
			name = Debug;
		};
		C7FD56C82074D0B800534E23 /* Release */ = {
			isa = XCBuildConfiguration;
			baseConfigurationReference = F0E0F5D8CC058474DF596A67 /* Pods-itweet.release.xcconfig */;
			buildSettings = {
				ASSETCATALOG_COMPILER_APPICON_NAME = AppIcon;
				ASSETCATALOG_COMPILER_LAUNCHIMAGE_NAME = LaunchImage;
				CODE_SIGN_STYLE = Automatic;
				DEVELOPMENT_TEAM = 6W77EGW7S3;
				INFOPLIST_FILE = itweet/Info.plist;
				IPHONEOS_DEPLOYMENT_TARGET = 9.0;
				LD_RUNPATH_SEARCH_PATHS = (
					"$(inherited)",
					"@executable_path/Frameworks",
				);
				PRODUCT_BUNDLE_IDENTIFIER = com.tramp.itweet;
				PRODUCT_NAME = "$(TARGET_NAME)";
				SWIFT_VERSION = 4.0;
				TARGETED_DEVICE_FAMILY = 1;
			};
			name = Release;
		};
/* End XCBuildConfiguration section */

/* Begin XCConfigurationList section */
		C7FD56AF2074D0B600534E23 /* Build configuration list for PBXProject "itweet" */ = {
			isa = XCConfigurationList;
			buildConfigurations = (
				C7FD56C42074D0B800534E23 /* Debug */,
				C7FD56C52074D0B800534E23 /* Release */,
			);
			defaultConfigurationIsVisible = 0;
			defaultConfigurationName = Release;
		};
		C7FD56C62074D0B800534E23 /* Build configuration list for PBXNativeTarget "itweet" */ = {
			isa = XCConfigurationList;
			buildConfigurations = (
				C7FD56C72074D0B800534E23 /* Debug */,
				C7FD56C82074D0B800534E23 /* Release */,
			);
			defaultConfigurationIsVisible = 0;
			defaultConfigurationName = Release;
		};
/* End XCConfigurationList section */
	};
	rootObject = C7FD56AC2074D0B600534E23 /* Project object */;
}
